---
lockfileVersion: 1
lockfileVendor: redhat
arches:
- arch: aarch64
  packages:
  - url: https://rhsm-pulp.corp.redhat.com/content/dist/layered/rhel9/aarch64/rhocp/4.18/os/Packages/g/golang-github-prometheus-promu-0.16.0-20.gitf6c51c9.el9.aarch64.rpm
    repoid: rhocp-4.18-for-rhel-9-rpms
    size: 2474075
    checksum: sha256:88a4cf2402a8a53b4a8c9c14b87c2aeb58840578eb643e32f717237450eefaa4
    name: golang-github-prometheus-promu
    evr: 0.16.0-20.gitf6c51c9.el9
    sourcerpm: golang-github-prometheus-promu-0.16.0-20.gitf6c51c9.el9.src.rpm
  source: []
  module_metadata: []
- arch: ppc64le
  packages:
  - url: https://rhsm-pulp.corp.redhat.com/content/dist/layered/rhel9/ppc64le/rhocp/4.18/os/Packages/g/golang-github-prometheus-promu-0.16.0-20.gitf6c51c9.el9.ppc64le.rpm
    repoid: rhocp-4.18-for-rhel-9-rpms
    size: 2453797
    checksum: sha256:49bba9f50980dccbe74a59a5328cde541ede7653d1bcd4bdd9d006f761ab569f
    name: golang-github-prometheus-promu
    evr: 0.16.0-20.gitf6c51c9.el9
    sourcerpm: golang-github-prometheus-promu-0.16.0-20.gitf6c51c9.el9.src.rpm
  source: []
  module_metadata: []
- arch: s390x
  packages:
  - url: https://rhsm-pulp.corp.redhat.com/content/dist/layered/rhel9/s390x/rhocp/4.18/os/Packages/g/golang-github-prometheus-promu-0.16.0-20.gitf6c51c9.el9.s390x.rpm
    repoid: rhocp-4.18-for-rhel-9-rpms
    size: 2582051
    checksum: sha256:d306329f6be0ffb96df9290cc6ce56dfc38110c319ca1d556b1b0f9aa102148a
    name: golang-github-prometheus-promu
    evr: 0.16.0-20.gitf6c51c9.el9
    sourcerpm: golang-github-prometheus-promu-0.16.0-20.gitf6c51c9.el9.src.rpm
  source: []
  module_metadata: []
- arch: x86_64
  packages:
  - url: https://rhsm-pulp.corp.redhat.com/content/dist/layered/rhel9/x86_64/rhocp/4.18/os/Packages/g/golang-github-prometheus-promu-0.16.0-20.gitf6c51c9.el9.x86_64.rpm
    repoid: rhocp-4.18-for-rhel-9-rpms
    size: 2756145
    checksum: sha256:653a70ca32bbc38790a8c2eeed427fbaa15c4a10716d929f60aa72c64b041fa1
    name: golang-github-prometheus-promu
    evr: 0.16.0-20.gitf6c51c9.el9
    sourcerpm: golang-github-prometheus-promu-0.16.0-20.gitf6c51c9.el9.src.rpm
  source: []
  module_metadata: []
